<?xml version="1.0" encoding="utf-8"?>
<Project ToolsVersion="4.0" xmlns="http://schemas.microsoft.com/developer/msbuild/2003">
  <ItemGroup>
    <Filter Include="Source Files">
      <UniqueIdentifier>{4FC737F1-C7A5-4376-A066-2A32D752A2FF}</UniqueIdentifier>
      <Extensions>cpp;c;cc;cxx;c++;cppm;ixx;def;odl;idl;hpj;bat;asm;asmx</Extensions>
    </Filter>
    <Filter Include="Header Files">
      <UniqueIdentifier>{93995380-89BD-4b04-88EB-625FBE52EBFB}</UniqueIdentifier>
      <Extensions>h;hh;hpp;hxx;h++;hm;inl;inc;ipp;xsd</Extensions>
    </Filter>
    <Filter Include="Resource Files">
      <UniqueIdentifier>{67DA6AB6-F800-4c08-8B7A-83BB121AAD01}</UniqueIdentifier>
      <Extensions>rc;ico;cur;bmp;dlg;rc2;rct;bin;rgs;gif;jpg;jpeg;jpe;resx;tiff;tif;png;wav;mfcribbon-ms</Extensions>
    </Filter>
    <Filter Include="Header Files\klabkit">
      <UniqueIdentifier>{91a24659-83fd-47b7-9287-ca73368f3e0e}</UniqueIdentifier>
    </Filter>
    <Filter Include="Source Files\klabkit">
      <UniqueIdentifier>{33e8e475-76ab-46cd-a45a-c6d7ed593427}</UniqueIdentifier>
    </Filter>
    <Filter Include="Header Files\klib">
      <UniqueIdentifier>{b95a39be-046a-45a8-8061-a576bbe3a3f9}</UniqueIdentifier>
    </Filter>
    <Filter Include="Source Files\klib">
      <UniqueIdentifier>{558a5660-63bf-4d03-acf2-82934842da80}</UniqueIdentifier>
    </Filter>
  </ItemGroup>
  <ItemGroup>
    <ClCompile Include="source\main.cpp">
      <Filter>Source Files</Filter>
    </ClCompile>
    <ClCompile Include="..\klabkit-sdl\source\klabkit\compression.cpp">
      <Filter>Source Files\klabkit</Filter>
    </ClCompile>
    <ClCompile Include="..\klabkit-sdl\source\klib\file.cpp">
      <Filter>Source Files\klib</Filter>
    </ClCompile>
    <ClCompile Include="..\klabkit-sdl\source\klib\klib_util.cpp">
      <Filter>Source Files\klib</Filter>
    </ClCompile>
  </ItemGroup>
  <ItemGroup>
    <ClInclude Include="..\klabkit-sdl\source\klabkit\compression.h">
      <Filter>Header Files\klabkit</Filter>
    </ClInclude>
    <ClInclude Include="..\klabkit-sdl\source\klib\file.h">
      <Filter>Header Files\klib</Filter>
    </ClInclude>
    <ClInclude Include="..\klabkit-sdl\source\klib\klib_util.h">
      <Filter>Header Files\klib</Filter>
    </ClInclude>
  </ItemGroup>
</Project>