<?xml version="1.0" encoding="utf-8"?>
<Project ToolsVersion="4.0" xmlns="http://schemas.microsoft.com/developer/msbuild/2003">
  <ItemGroup>
    <Filter Include="Source Files">
      <UniqueIdentifier>{4FC737F1-C7A5-4376-A066-2A32D752A2FF}</UniqueIdentifier>
      <Extensions>cpp;c;cc;cxx;c++;cppm;ixx;def;odl;idl;hpj;bat;asm;asmx</Extensions>
    </Filter>
    <Filter Include="Header Files">
      <UniqueIdentifier>{93995380-89BD-4b04-88EB-625FBE52EBFB}</UniqueIdentifier>
      <Extensions>h;hh;hpp;hxx;h++;hm;inl;inc;ipp;xsd</Extensions>
    </Filter>
    <Filter Include="Resource Files">
      <UniqueIdentifier>{67DA6AB6-F800-4c08-8B7A-83BB121AAD01}</UniqueIdentifier>
      <Extensions>rc;ico;cur;bmp;dlg;rc2;rct;bin;rgs;gif;jpg;jpeg;jpe;resx;tiff;tif;png;wav;mfcribbon-ms</Extensions>
    </Filter>
    <Filter Include="Header Files\klib">
      <UniqueIdentifier>{7353287b-f69a-41ce-be0e-88cf0fedc1aa}</UniqueIdentifier>
    </Filter>
    <Filter Include="Source Files\klib">
      <UniqueIdentifier>{20a73f1c-9f59-4546-98fd-205da6557884}</UniqueIdentifier>
    </Filter>
    <Filter Include="Header Files\klabkit">
      <UniqueIdentifier>{4da48cec-3946-4b23-908e-677b07fe7418}</UniqueIdentifier>
    </Filter>
    <Filter Include="Source Files\klabkit">
      <UniqueIdentifier>{e921add3-b77d-4f13-a7f5-af7a1219cc0e}</UniqueIdentifier>
    </Filter>
    <Filter Include="Header Files\klabkit\windows">
      <UniqueIdentifier>{ae84823e-52a0-4d34-9d23-7ef0d16e35f0}</UniqueIdentifier>
    </Filter>
    <Filter Include="Source Files\klabkit\windows">
      <UniqueIdentifier>{09a3baa7-5b28-4a3e-8e23-aa1070a4c2c3}</UniqueIdentifier>
    </Filter>
    <Filter Include="Header Files\pugixml">
      <UniqueIdentifier>{409fbae2-37b3-494c-b4dd-447c5bae9b45}</UniqueIdentifier>
    </Filter>
    <Filter Include="Source Files\pugixml">
      <UniqueIdentifier>{e4556171-8d1c-4e49-a1de-4a6ac2ea88a2}</UniqueIdentifier>
    </Filter>
    <Filter Include="Header Files\imgui">
      <UniqueIdentifier>{57931dfc-9ec2-4d41-96af-a99fa9f643c4}</UniqueIdentifier>
    </Filter>
    <Filter Include="Source Files\imgui">
      <UniqueIdentifier>{be95f98e-cdf3-45bc-8e6f-6774479040c9}</UniqueIdentifier>
    </Filter>
  </ItemGroup>
  <ItemGroup>
    <ClInclude Include="source\klib\file.h">
      <Filter>Header Files\klib</Filter>
    </ClInclude>
    <ClInclude Include="source\klabkit\Wall.h">
      <Filter>Header Files\klabkit</Filter>
    </ClInclude>
    <ClInclude Include="source\klabkit\Project.h">
      <Filter>Header Files\klabkit</Filter>
    </ClInclude>
    <ClInclude Include="source\klabkit\constants.h">
      <Filter>Header Files\klabkit</Filter>
    </ClInclude>
    <ClInclude Include="source\klabkit\kkit_gfx.h">
      <Filter>Header Files\klabkit</Filter>
    </ClInclude>
    <ClInclude Include="source\klib\gfx.h">
      <Filter>Header Files\klib</Filter>
    </ClInclude>
    <ClInclude Include="source\klabkit\Board.h">
      <Filter>Header Files\klabkit</Filter>
    </ClInclude>
    <ClInclude Include="source\klabkit\Map_tile.h">
      <Filter>Header Files\klabkit</Filter>
    </ClInclude>
    <ClInclude Include="source\klib\User_input.h">
      <Filter>Header Files\klib</Filter>
    </ClInclude>
    <ClInclude Include="source\klabkit\Board_window.h">
      <Filter>Header Files\klabkit\windows</Filter>
    </ClInclude>
    <ClInclude Include="source\klib\klib_util.h">
      <Filter>Header Files\klib</Filter>
    </ClInclude>
    <ClInclude Include="source\klabkit\compression.h">
      <Filter>Header Files\klabkit</Filter>
    </ClInclude>
    <ClInclude Include="source\klabkit\Project_gfx.h">
      <Filter>Header Files\klabkit</Filter>
    </ClInclude>
    <ClInclude Include="source\klib\Font.h">
      <Filter>Header Files\klib</Filter>
    </ClInclude>
    <ClInclude Include="source\klib\Timer.h">
      <Filter>Header Files\klib</Filter>
    </ClInclude>
    <ClInclude Include="source\klib\Button.h">
      <Filter>Header Files\klib</Filter>
    </ClInclude>
    <ClInclude Include="source\klib\Toast_notification.h">
      <Filter>Header Files\klib</Filter>
    </ClInclude>
    <ClInclude Include="source\klib\Toast_notification_handler.h">
      <Filter>Header Files\klib</Filter>
    </ClInclude>
    <ClInclude Include="source\klabkit\Main_window.h">
      <Filter>Header Files\klabkit\windows</Filter>
    </ClInclude>
    <ClInclude Include="source\klabkit\Gfx_window.h">
      <Filter>Header Files\klabkit\windows</Filter>
    </ClInclude>
    <ClInclude Include="source\pugixml\pugiconfig.hpp">
      <Filter>Header Files\pugixml</Filter>
    </ClInclude>
    <ClInclude Include="source\pugixml\pugixml.hpp">
      <Filter>Header Files\pugixml</Filter>
    </ClInclude>
    <ClInclude Include="source\klabkit\xml_handler.h">
      <Filter>Header Files\klabkit</Filter>
    </ClInclude>
    <ClInclude Include="source\klabkit\Project_config.h">
      <Filter>Header Files\klabkit</Filter>
    </ClInclude>
    <ClInclude Include="source\klabkit\About_window.h">
      <Filter>Header Files\klabkit\windows</Filter>
    </ClInclude>
    <ClInclude Include="source\imgui\imconfig.h">
      <Filter>Header Files\imgui</Filter>
    </ClInclude>
    <ClInclude Include="source\imgui\imgui.h">
      <Filter>Header Files\imgui</Filter>
    </ClInclude>
    <ClInclude Include="source\imgui\imgui_impl_sdl.h">
      <Filter>Header Files\imgui</Filter>
    </ClInclude>
    <ClInclude Include="source\imgui\imgui_impl_sdlrenderer.h">
      <Filter>Header Files\imgui</Filter>
    </ClInclude>
    <ClInclude Include="source\imgui\imgui_internal.h">
      <Filter>Header Files\imgui</Filter>
    </ClInclude>
    <ClInclude Include="source\imgui\imstb_rectpack.h">
      <Filter>Header Files\imgui</Filter>
    </ClInclude>
    <ClInclude Include="source\imgui\imstb_textedit.h">
      <Filter>Header Files\imgui</Filter>
    </ClInclude>
    <ClInclude Include="source\imgui\imstb_truetype.h">
      <Filter>Header Files\imgui</Filter>
    </ClInclude>
    <ClInclude Include="source\klabkit\Board_ui.h">
      <Filter>Header Files\klabkit\windows</Filter>
    </ClInclude>
    <ClInclude Include="source\klabkit\imgui_helper.h">
      <Filter>Header Files\klabkit</Filter>
    </ClInclude>
    <ClInclude Include="source\klabkit\constants_color.h">
      <Filter>Source Files\klabkit</Filter>
    </ClInclude>
  </ItemGroup>
  <ItemGroup>
    <ClCompile Include="source\klib\file.cpp">
      <Filter>Source Files\klib</Filter>
    </ClCompile>
    <ClCompile Include="source\main.cpp">
      <Filter>Source Files</Filter>
    </ClCompile>
    <ClCompile Include="source\klabkit\Wall.cpp">
      <Filter>Source Files\klabkit</Filter>
    </ClCompile>
    <ClCompile Include="source\klabkit\Project.cpp">
      <Filter>Source Files\klabkit</Filter>
    </ClCompile>
    <ClCompile Include="source\klabkit\kkit_gfx.cpp">
      <Filter>Source Files\klabkit</Filter>
    </ClCompile>
    <ClCompile Include="source\klib\gfx.cpp">
      <Filter>Source Files\klib</Filter>
    </ClCompile>
    <ClCompile Include="source\klabkit\Map_tile.cpp">
      <Filter>Source Files\klabkit</Filter>
    </ClCompile>
    <ClCompile Include="source\klabkit\Board.cpp">
      <Filter>Source Files\klabkit</Filter>
    </ClCompile>
    <ClCompile Include="source\klib\User_input.cpp">
      <Filter>Source Files\klib</Filter>
    </ClCompile>
    <ClCompile Include="source\klabkit\Board_window.cpp">
      <Filter>Source Files\klabkit\windows</Filter>
    </ClCompile>
    <ClCompile Include="source\klib\klib_util.cpp">
      <Filter>Source Files\klib</Filter>
    </ClCompile>
    <ClCompile Include="source\klabkit\compression.cpp">
      <Filter>Source Files\klabkit</Filter>
    </ClCompile>
    <ClCompile Include="source\klabkit\Project_gfx.cpp">
      <Filter>Source Files\klabkit</Filter>
    </ClCompile>
    <ClCompile Include="source\klib\Font.cpp">
      <Filter>Source Files\klib</Filter>
    </ClCompile>
    <ClCompile Include="source\klib\Timer.cpp">
      <Filter>Source Files\klib</Filter>
    </ClCompile>
    <ClCompile Include="source\klabkit\constants.cpp">
      <Filter>Source Files\klabkit</Filter>
    </ClCompile>
    <ClCompile Include="source\klib\Button.cpp">
      <Filter>Source Files\klib</Filter>
    </ClCompile>
    <ClCompile Include="source\klib\Toast_notification.cpp">
      <Filter>Source Files\klib</Filter>
    </ClCompile>
    <ClCompile Include="source\klib\Toast_notification_handler.cpp">
      <Filter>Source Files\klib</Filter>
    </ClCompile>
    <ClCompile Include="source\klabkit\Main_window.cpp">
      <Filter>Source Files\klabkit\windows</Filter>
    </ClCompile>
    <ClCompile Include="source\klabkit\Gfx_window.cpp">
      <Filter>Source Files\klabkit\windows</Filter>
    </ClCompile>
    <ClCompile Include="source\pugixml\pugixml.cpp">
      <Filter>Source Files\pugixml</Filter>
    </ClCompile>
    <ClCompile Include="source\klabkit\xml_handler.cpp">
      <Filter>Source Files\klabkit</Filter>
    </ClCompile>
    <ClCompile Include="source\klabkit\Project_config.cpp">
      <Filter>Source Files\klabkit</Filter>
    </ClCompile>
    <ClCompile Include="source\klabkit\About_window.cpp">
      <Filter>Source Files\klabkit\windows</Filter>
    </ClCompile>
    <ClCompile Include="source\imgui\imgui.cpp">
      <Filter>Source Files\imgui</Filter>
    </ClCompile>
    <ClCompile Include="source\imgui\imgui_demo.cpp">
      <Filter>Source Files\imgui</Filter>
    </ClCompile>
    <ClCompile Include="source\imgui\imgui_draw.cpp">
      <Filter>Source Files\imgui</Filter>
    </ClCompile>
    <ClCompile Include="source\imgui\imgui_impl_sdl.cpp">
      <Filter>Source Files\imgui</Filter>
    </ClCompile>
    <ClCompile Include="source\imgui\imgui_impl_sdlrenderer.cpp">
      <Filter>Source Files\imgui</Filter>
    </ClCompile>
    <ClCompile Include="source\imgui\imgui_tables.cpp">
      <Filter>Source Files\imgui</Filter>
    </ClCompile>
    <ClCompile Include="source\imgui\imgui_widgets.cpp">
      <Filter>Source Files\imgui</Filter>
    </ClCompile>
    <ClCompile Include="source\klabkit\Board_ui.cpp">
      <Filter>Source Files\klabkit\windows</Filter>
    </ClCompile>
    <ClCompile Include="source\klabkit\imgui_helper.cpp">
      <Filter>Source Files\klabkit</Filter>
    </ClCompile>
    <ClCompile Include="source\klabkit\Board_ui_imgui.cpp">
      <Filter>Source Files\klabkit\windows</Filter>
    </ClCompile>
  </ItemGroup>
</Project>