<?xml version="1.0" encoding="utf-8"?>
<Project ToolsVersion="4.0" xmlns="http://schemas.microsoft.com/developer/msbuild/2003">
  <ItemGroup>
    <Filter Include="Source Files">
      <UniqueIdentifier>{4FC737F1-C7A5-4376-A066-2A32D752A2FF}</UniqueIdentifier>
      <Extensions>cpp;c;cc;cxx;c++;cppm;ixx;def;odl;idl;hpj;bat;asm;asmx</Extensions>
    </Filter>
    <Filter Include="Header Files">
      <UniqueIdentifier>{93995380-89BD-4b04-88EB-625FBE52EBFB}</UniqueIdentifier>
      <Extensions>h;hh;hpp;hxx;h++;hm;inl;inc;ipp;xsd</Extensions>
    </Filter>
    <Filter Include="Resource Files">
      <UniqueIdentifier>{67DA6AB6-F800-4c08-8B7A-83BB121AAD01}</UniqueIdentifier>
      <Extensions>rc;ico;cur;bmp;dlg;rc2;rct;bin;rgs;gif;jpg;jpeg;jpe;resx;tiff;tif;png;wav;mfcribbon-ms</Extensions>
    </Filter>
    <Filter Include="Header Files\klib">
      <UniqueIdentifier>{7353287b-f69a-41ce-be0e-88cf0fedc1aa}</UniqueIdentifier>
    </Filter>
    <Filter Include="Source Files\klib">
      <UniqueIdentifier>{20a73f1c-9f59-4546-98fd-205da6557884}</UniqueIdentifier>
    </Filter>
    <Filter Include="Header Files\klabkit">
      <UniqueIdentifier>{4da48cec-3946-4b23-908e-677b07fe7418}</UniqueIdentifier>
    </Filter>
    <Filter Include="Source Files\klabkit">
      <UniqueIdentifier>{e921add3-b77d-4f13-a7f5-af7a1219cc0e}</UniqueIdentifier>
    </Filter>
    <Filter Include="Header Files\klabkit\windows">
      <UniqueIdentifier>{ae84823e-52a0-4d34-9d23-7ef0d16e35f0}</UniqueIdentifier>
    </Filter>
    <Filter Include="Source Files\klabkit\windows">
      <UniqueIdentifier>{09a3baa7-5b28-4a3e-8e23-aa1070a4c2c3}</UniqueIdentifier>
    </Filter>
  </ItemGroup>
  <ItemGroup>
    <ClInclude Include="source\klib\file.h">
      <Filter>Header Files\klib</Filter>
    </ClInclude>
    <ClInclude Include="source\klabkit\Wall.h">
      <Filter>Header Files\klabkit</Filter>
    </ClInclude>
    <ClInclude Include="source\klabkit\Project.h">
      <Filter>Header Files\klabkit</Filter>
    </ClInclude>
    <ClInclude Include="source\klabkit\constants.h">
      <Filter>Header Files\klabkit</Filter>
    </ClInclude>
    <ClInclude Include="source\klabkit\kkit_gfx.h">
      <Filter>Header Files\klabkit</Filter>
    </ClInclude>
    <ClInclude Include="source\klib\gfx.h">
      <Filter>Header Files\klib</Filter>
    </ClInclude>
    <ClInclude Include="source\klabkit\Board.h">
      <Filter>Header Files\klabkit</Filter>
    </ClInclude>
    <ClInclude Include="source\klabkit\Map_tile.h">
      <Filter>Header Files\klabkit</Filter>
    </ClInclude>
    <ClInclude Include="source\klabkit\Project_drawer.h">
      <Filter>Header Files\klabkit</Filter>
    </ClInclude>
    <ClInclude Include="source\klib\User_input.h">
      <Filter>Header Files\klib</Filter>
    </ClInclude>
    <ClInclude Include="source\klabkit\Board_window.h">
      <Filter>Header Files\klabkit\windows</Filter>
    </ClInclude>
    <ClInclude Include="source\klib\klib_util.h">
      <Filter>Header Files\klib</Filter>
    </ClInclude>
    <ClInclude Include="source\klabkit\compression.h">
      <Filter>Header Files\klabkit</Filter>
    </ClInclude>
  </ItemGroup>
  <ItemGroup>
    <ClCompile Include="source\klib\file.cpp">
      <Filter>Source Files\klib</Filter>
    </ClCompile>
    <ClCompile Include="source\main.cpp">
      <Filter>Source Files</Filter>
    </ClCompile>
    <ClCompile Include="source\klabkit\Wall.cpp">
      <Filter>Source Files\klabkit</Filter>
    </ClCompile>
    <ClCompile Include="source\klabkit\Project.cpp">
      <Filter>Source Files\klabkit</Filter>
    </ClCompile>
    <ClCompile Include="source\klabkit\kkit_gfx.cpp">
      <Filter>Source Files\klabkit</Filter>
    </ClCompile>
    <ClCompile Include="source\klib\gfx.cpp">
      <Filter>Source Files\klib</Filter>
    </ClCompile>
    <ClCompile Include="source\klabkit\Map_tile.cpp">
      <Filter>Source Files\klabkit</Filter>
    </ClCompile>
    <ClCompile Include="source\klabkit\Board.cpp">
      <Filter>Source Files\klabkit</Filter>
    </ClCompile>
    <ClCompile Include="source\klabkit\Project_drawer.cpp">
      <Filter>Source Files\klabkit</Filter>
    </ClCompile>
    <ClCompile Include="source\klib\User_input.cpp">
      <Filter>Source Files\klib</Filter>
    </ClCompile>
    <ClCompile Include="source\klabkit\Board_window.cpp">
      <Filter>Source Files\klabkit\windows</Filter>
    </ClCompile>
    <ClCompile Include="source\klib\klib_util.cpp">
      <Filter>Source Files\klib</Filter>
    </ClCompile>
    <ClCompile Include="source\klabkit\compression.cpp">
      <Filter>Source Files\klabkit</Filter>
    </ClCompile>
  </ItemGroup>
</Project>